
Microsoft Visual Studio Solution File, Format Version 12.00
# Visual Studio Version 16
VisualStudioVersion = 16.0.31613.86
MinimumVisualStudioVersion = 10.0.40219.1
Project("{FAE04EC0-301F-11D3-BF4B-00C04F79EFBC}") = "AppMVC", "AppMVC\AppMVC.csproj", "{61E14E75-A392-45DC-99D7-7835D6C23D54}"
EndProject
Global
	GlobalSection(SolutionConfigurationPlatforms) = preSolution
		Debug|Any CPU = Debug|Any CPU
		Release|Any CPU = Release|Any CPU
	EndGlobalSection
	GlobalSection(ProjectConfigurationPlatforms) = postSolution
		{61E14E75-A392-45DC-99D7-7835D6C23D54}.Debug|Any CPU.ActiveCfg = Debug|Any CPU
		{61E14E75-A392-45DC-99D7-7835D6C23D54}.Debug|Any CPU.Build.0 = Debug|Any CPU
		{61E14E75-A392-45DC-99D7-7835D6C23D54}.Release|Any CPU.ActiveCfg = Release|Any CPU
		{61E14E75-A392-45DC-99D7-7835D6C23D54}.Release|Any CPU.Build.0 = Release|Any CPU
	EndGlobalSection
	GlobalSection(SolutionProperties) = preSolution
		HideSolutionNode = FALSE
	EndGlobalSection
	GlobalSection(ExtensibilityGlobals) = postSolution
		SolutionGuid = {BF82862A-E526-4228-807D-23BE5B800181}
	EndGlobalSection
EndGlobal
